
Microsoft Visual Studio Solution File, Format Version 12.00
# Visual Studio Version 16
VisualStudioVersion = 16.0.28803.202
MinimumVisualStudioVersion = 10.0.40219.1
Project("{FAE04EC0-301F-11D3-BF4B-00C04F79EFBC}") = "AzureWebMonitor.Report", "AzureWebMonitor.Report.csproj", "{382B99A8-EF1F-453F-9619-CDDD09AE1483}"
EndProject
Global
	GlobalSection(SolutionConfigurationPlatforms) = preSolution
		Debug|Any CPU = Debug|Any CPU
		Release|Any CPU = Release|Any CPU
	EndGlobalSection
	GlobalSection(ProjectConfigurationPlatforms) = postSolution
		{382B99A8-EF1F-453F-9619-CDDD09AE1483}.Debug|Any CPU.ActiveCfg = Debug|Any CPU
		{382B99A8-EF1F-453F-9619-CDDD09AE1483}.Debug|Any CPU.Build.0 = Debug|Any CPU
		{382B99A8-EF1F-453F-9619-CDDD09AE1483}.Release|Any CPU.ActiveCfg = Release|Any CPU
		{382B99A8-EF1F-453F-9619-CDDD09AE1483}.Release|Any CPU.Build.0 = Release|Any CPU
	EndGlobalSection
	GlobalSection(SolutionProperties) = preSolution
		HideSolutionNode = FALSE
	EndGlobalSection
	GlobalSection(ExtensibilityGlobals) = postSolution
		SolutionGuid = {EC9F4E90-D2AA-4335-9EFE-953AF6EE5FCD}
	EndGlobalSection
EndGlobal
